{
    "requires": true,
    "lockfileVersion": 1,
    "dependencies": {
        "axios": {
            "version": "0.16.2",
            "resolved": "https://registry.npmjs.org/axios/-/axios-0.16.2.tgz",
            "integrity": "sha1-uk+S8XFn37q0CYN4VFS5rBScPG0=",
            "dev": true
        },
        "babel-preset-react": {
            "version": "6.24.1",
            "resolved": "https://registry.npmjs.org/babel-preset-react/-/babel-preset-react-6.24.1.tgz",
            "integrity": "sha1-umnfrqRfw+xjm2pOzqbhdwLJE4A=",
            "dev": true
        },
        "bootstrap-sass": {
            "version": "3.4.1",
            "resolved": "https://registry.npmjs.org/bootstrap-sass/-/bootstrap-sass-3.4.1.tgz",
            "integrity": "sha512-p5rxsK/IyEDQm2CwiHxxUi0MZZtvVFbhWmyMOt4lLkA4bujDA1TGoKT0i1FKIWiugAdP+kK8T5KMDFIKQCLYIA==",
            "dev": true
        },
        "cross-env": {
            "version": "5.2.0",
            "resolved": "https://registry.npmjs.org/cross-env/-/cross-env-5.2.0.tgz",
            "integrity": "sha512-jtdNFfFW1hB7sMhr/H6rW1Z45LFqyI431m3qU6bFXcQ3Eh7LtBuG3h74o7ohHZ3crrRkkqHlo4jYHFPcjroANg==",
            "dev": true
        },
        "jquery": {
            "version": "3.3.1",
            "resolved": "https://registry.npmjs.org/jquery/-/jquery-3.3.1.tgz",
            "integrity": "sha512-Ubldcmxp5np52/ENotGxlLe6aGMvmF4R8S6tZjsP6Knsaxd/xp3Zrh50cG93lR6nPXyUFwzN3ZSOQI0wRJNdGg==",
            "dev": true
        },
        "laravel-mix": {
            "version": "1.7.2",
            "resolved": "https://registry.npmjs.org/laravel-mix/-/laravel-mix-1.7.2.tgz",
            "integrity": "sha512-La1eAsCkEdySc9J9MJ/g8Dj1EfGo7aXW92GZKoSbrSg4uQWNNoV824e6+o4f4Eo/YWYrYwZTkdnWJJ1uVqP+dw==",
            "dev": true
        },
        "lodash": {
            "version": "4.17.10",
            "resolved": "https://registry.npmjs.org/lodash/-/lodash-4.17.10.tgz",
            "integrity": "sha512-UejweD1pDoXu+AD825lWwp4ZGtSwgnpZxb3JDViD7StjQz+Nb/6l093lx4OQ0foGWNRoc19mWy7BzL+UAK2iVg==",
            "dev": true
        },
        "react": {
            "version": "15.6.2",
            "resolved": "https://registry.npmjs.org/react/-/react-15.6.2.tgz",
            "integrity": "sha1-26BDSrQ5z+gvEI8PURZjkIF5qnI=",
            "dev": true
        },
        "react-dom": {
            "version": "15.6.2",
            "resolved": "https://registry.npmjs.org/react-dom/-/react-dom-15.6.2.tgz",
            "integrity": "sha1-Qc+t9pO3V/rycIRDodH9WgK+9zA=",
            "dev": true
        },
        "react-redux": {
            "version": "5.0.7",
            "resolved": "https://registry.npmjs.org/react-redux/-/react-redux-5.0.7.tgz",
            "integrity": "sha512-5VI8EV5hdgNgyjfmWzBbdrqUkrVRKlyTKk1sGH3jzM2M2Mhj/seQgPXaz6gVAj2lz/nz688AdTqMO18Lr24Zhg=="
        },
        "redux": {
            "version": "4.0.0",
            "resolved": "https://registry.npmjs.org/redux/-/redux-4.0.0.tgz",
            "integrity": "sha512-NnnHF0h0WVE/hXyrB6OlX67LYRuaf/rJcbWvnHHEPCF/Xa/AZpwhs/20WyqzQae5x4SD2F9nPObgBh2rxAgLiA=="
        },
        "redux-thunk": {
            "version": "2.3.0",
            "resolved": "https://registry.npmjs.org/redux-thunk/-/redux-thunk-2.3.0.tgz",
            "integrity": "sha512-km6dclyFnmcvxhAcrQV2AkZmPQjzPDjgVlQtR0EQjxZPyJ0BnMf3in1ryuR8A2qU0HldVRfxYXbFSKlI3N7Slw=="
        }
    }
}
